
Microsoft Visual Studio Solution File, Format Version 12.00
# Visual Studio Version 18
VisualStudioVersion = 18.2.11415.280
MinimumVisualStudioVersion = 10.0.40219.1
Project("{2150E333-8FDC-42A3-9474-1A3956D46DE8}") = "Hafta3", "Hafta3", "{02EA681E-C7D8-13C7-8484-4AC65E1B71E8}"
EndProject
Project("{2150E333-8FDC-42A3-9474-1A3956D46DE8}") = "Hafta6", "Hafta6", "{2CFAF30D-DEE7-48F5-ADBD-64962E114252}"
EndProject
Project("{2150E333-8FDC-42A3-9474-1A3956D46DE8}") = "MonolithicChaos", "MonolithicChaos", "{ACA66B5B-1289-4DF4-80B7-FBABF59A4145}"
EndProject
Project("{FAE04EC0-301F-11D3-BF4B-00C04F79EFBC}") = "Example1", "src\Hafta3\Example1\Example1.csproj", "{079F3E64-0F4B-9C8B-703D-4210B43B7DB0}"
EndProject
Project("{FAE04EC0-301F-11D3-BF4B-00C04F79EFBC}") = "Example1", "src\Hafta6\MonolithicChaos\Example1\Example1.csproj", "{BB3731EE-C69B-1204-2E8E-228A5BBC7D2A}"
EndProject
Project("{2150E333-8FDC-42A3-9474-1A3956D46DE8}") = "NTier", "NTier", "{B7BB4AFA-9F0A-44E9-BC47-9D35A5D87028}"
EndProject
Project("{FAE04EC0-301F-11D3-BF4B-00C04F79EFBC}") = "NTier.Api", "src\Hafta6\NTier\Example1\NTier.Api.csproj", "{A3888E2F-B021-F3FC-BF11-8C28FED9C3AC}"
EndProject
Project("{FAE04EC0-301F-11D3-BF4B-00C04F79EFBC}") = "NTier.Services", "src\Hafta6\NTier\NTier.Services\NTier.Services.csproj", "{7007A96D-B960-413B-B834-1075867AA985}"
EndProject
Project("{FAE04EC0-301F-11D3-BF4B-00C04F79EFBC}") = "NTier.Data", "src\Hafta6\NTier\NTier.Data\NTier.Data.csproj", "{C2A56808-ED9F-4811-ABCD-87FC6A8900E5}"
EndProject
Project("{2150E333-8FDC-42A3-9474-1A3956D46DE8}") = "CleanArchitecture", "CleanArchitecture", "{0F9CBA9A-4618-497E-B88D-A8CACCC69D5E}"
EndProject
Project("{FAE04EC0-301F-11D3-BF4B-00C04F79EFBC}") = "CleanArchitecture.Api", "src\Hafta6\CleanArchitecture\Example1\CleanArchitecture.Api.csproj", "{95FE1C4D-EE44-96EC-A0A1-BED8FAD54D1D}"
EndProject
Project("{FAE04EC0-301F-11D3-BF4B-00C04F79EFBC}") = "CleanArchitecture.Domain", "src\Hafta6\CleanArchitecture\CleanArchitecture.Domain\CleanArchitecture.Domain.csproj", "{962A9E01-4B43-4FF6-A1BA-D67AFFC8E787}"
EndProject
Project("{FAE04EC0-301F-11D3-BF4B-00C04F79EFBC}") = "CleanArchitecture.Application", "src\Hafta6\CleanArchitecture\CleanArchitecture.Application\CleanArchitecture.Application.csproj", "{F97160CC-23FD-4585-BFBF-ED52F0E308ED}"
EndProject
Project("{FAE04EC0-301F-11D3-BF4B-00C04F79EFBC}") = "CleanArchitecture.Infrastructure", "src\Hafta6\CleanArchitecture\CleanArchitecture.Infrastructure\CleanArchitecture.Infrastructure.csproj", "{31AC662F-B687-47AD-9686-255D1E2913C3}"
EndProject
Project("{2150E333-8FDC-42A3-9474-1A3956D46DE8}") = "Hafta7", "Hafta7", "{C914BE91-44F7-41A9-97FA-E484C90B8A16}"
EndProject
Project("{2150E333-8FDC-42A3-9474-1A3956D46DE8}") = "Order", "Order", "{15F3578F-C146-4A62-9578-0BD895C091D7}"
EndProject
Project("{2150E333-8FDC-42A3-9474-1A3956D46DE8}") = "Basket", "Basket", "{E62609BE-0D88-4D75-8226-7FC48CC8CB7E}"
EndProject
Project("{2150E333-8FDC-42A3-9474-1A3956D46DE8}") = "Identity", "Identity", "{A58B6DAE-8019-4B4D-910C-2394F6CD46A0}"
EndProject
Project("{2150E333-8FDC-42A3-9474-1A3956D46DE8}") = "Product", "Product", "{CCC96F36-3FD9-48A3-809C-D08240F4DEAA}"
EndProject
Project("{2150E333-8FDC-42A3-9474-1A3956D46DE8}") = "Notification", "Notification", "{D6688736-BDC7-4A7E-B213-7A22B461015A}"
EndProject
Project("{2150E333-8FDC-42A3-9474-1A3956D46DE8}") = "Gateway", "Gateway", "{1869C805-3DE7-40F1-8FE2-E17F182C0C84}"
EndProject
Project("{FAE04EC0-301F-11D3-BF4B-00C04F79EFBC}") = "OrderService.Domain", "src\Hafta7\Order\OrderService.Domain\OrderService.Domain.csproj", "{C676A7A5-DCAE-6ACB-61BC-E7A70263EFA7}"
EndProject
Project("{FAE04EC0-301F-11D3-BF4B-00C04F79EFBC}") = "OrderService.Infrastructure", "src\Hafta7\Order\OrderService.Infrastructure\OrderService.Infrastructure.csproj", "{76CFA3BC-C74E-FFC2-FF8C-440F01A2BB0C}"
EndProject
Project("{FAE04EC0-301F-11D3-BF4B-00C04F79EFBC}") = "OrderService.Application", "src\Hafta7\Order\OrderService.Application\OrderService.Application.csproj", "{33635331-4A43-CD10-B009-EBAF0332FD2D}"
EndProject
Project("{FAE04EC0-301F-11D3-BF4B-00C04F79EFBC}") = "OrderService.Api", "src\Hafta7\Order\OrderService.Api\OrderService.Api.csproj", "{2824CC2D-3F7F-A035-3CA0-3343E5BD5971}"
EndProject
Project("{FAE04EC0-301F-11D3-BF4B-00C04F79EFBC}") = "IdentityService.Domain", "src\Hafta7\Identity\IdentityService.Domain\IdentityService.Domain.csproj", "{B1D7A7A5-DCAE-6ACB-61BC-E7A70263EFA8}"
EndProject
Project("{FAE04EC0-301F-11D3-BF4B-00C04F79EFBC}") = "IdentityService.Infrastructure", "src\Hafta7\Identity\IdentityService.Infrastructure\IdentityService.Infrastructure.csproj", "{86CFA3BC-C74E-FFC2-FF8C-440F01A2BB0D}"
EndProject
Project("{FAE04EC0-301F-11D3-BF4B-00C04F79EFBC}") = "IdentityService.Application", "src\Hafta7\Identity\IdentityService.Application\IdentityService.Application.csproj", "{43635331-4A43-CD10-B009-EBAF0332FD2E}"
EndProject
Project("{FAE04EC0-301F-11D3-BF4B-00C04F79EFBC}") = "IdentityService.Api", "src\Hafta7\Identity\IdentityService.Api\IdentityService.Api.csproj", "{3824CC2D-3F7F-A035-3CA0-3343E5BD5972}"
EndProject
Project("{FAE04EC0-301F-11D3-BF4B-00C04F79EFBC}") = "BasketService.Domain", "src\Hafta7\Basket\BasketService.Domain\BasketService.Domain.csproj", "{C2D7A7A5-DCAE-6ACB-61BC-E7A70263EFA9}"
EndProject
Project("{FAE04EC0-301F-11D3-BF4B-00C04F79EFBC}") = "BasketService.Infrastructure", "src\Hafta7\Basket\BasketService.Infrastructure\BasketService.Infrastructure.csproj", "{96CFA3BC-C74E-FFC2-FF8C-440F01A2BB0E}"
EndProject
Project("{FAE04EC0-301F-11D3-BF4B-00C04F79EFBC}") = "BasketService.Application", "src\Hafta7\Basket\BasketService.Application\BasketService.Application.csproj", "{53635331-4A43-CD10-B009-EBAF0332FD2F}"
EndProject
Project("{FAE04EC0-301F-11D3-BF4B-00C04F79EFBC}") = "BasketService.Api", "src\Hafta7\Basket\BasketService.Api\BasketService.Api.csproj", "{4824CC2D-3F7F-A035-3CA0-3343E5BD5973}"
EndProject
Project("{FAE04EC0-301F-11D3-BF4B-00C04F79EFBC}") = "ProductService.Domain", "src\Hafta7\Product\ProductService.Domain\ProductService.Domain.csproj", "{D2D7A7A5-DCAE-6ACB-61BC-E7A70263EFAA}"
EndProject
Project("{FAE04EC0-301F-11D3-BF4B-00C04F79EFBC}") = "ProductService.Infrastructure", "src\Hafta7\Product\ProductService.Infrastructure\ProductService.Infrastructure.csproj", "{A6CFA3BC-C74E-FFC2-FF8C-440F01A2BB0F}"
EndProject
Project("{FAE04EC0-301F-11D3-BF4B-00C04F79EFBC}") = "ProductService.Application", "src\Hafta7\Product\ProductService.Application\ProductService.Application.csproj", "{63635331-4A43-CD10-B009-EBAF0332FD30}"
EndProject
Project("{FAE04EC0-301F-11D3-BF4B-00C04F79EFBC}") = "ProductService.Api", "src\Hafta7\Product\ProductService.Api\ProductService.Api.csproj", "{5824CC2D-3F7F-A035-3CA0-3343E5BD5974}"
EndProject
Project("{FAE04EC0-301F-11D3-BF4B-00C04F79EFBC}") = "NotificationService.Domain", "src\Hafta7\Notification\NotificationService.Domain\NotificationService.Domain.csproj", "{E2D7A7A5-DCAE-6ACB-61BC-E7A70263EFAB}"
EndProject
Project("{FAE04EC0-301F-11D3-BF4B-00C04F79EFBC}") = "NotificationService.Infrastructure", "src\Hafta7\Notification\NotificationService.Infrastructure\NotificationService.Infrastructure.csproj", "{B6CFA3BC-C74E-FFC2-FF8C-440F01A2BB10}"
EndProject
Project("{FAE04EC0-301F-11D3-BF4B-00C04F79EFBC}") = "NotificationService.Application", "src\Hafta7\Notification\NotificationService.Application\NotificationService.Application.csproj", "{73635331-4A43-CD10-B009-EBAF0332FD31}"
EndProject
Project("{FAE04EC0-301F-11D3-BF4B-00C04F79EFBC}") = "NotificationService.Api", "src\Hafta7\Notification\NotificationService.Api\NotificationService.Api.csproj", "{6824CC2D-3F7F-A035-3CA0-3343E5BD5975}"
EndProject
Project("{FAE04EC0-301F-11D3-BF4B-00C04F79EFBC}") = "Gateway.Api", "src\Hafta7\Gateway\Gateway.Api\Gateway.Api.csproj", "{7854CC2D-3F7F-A035-3CA0-3343E5BD5976}"
EndProject
Global
	GlobalSection(SolutionConfigurationPlatforms) = preSolution
		Debug|Any CPU = Debug|Any CPU
		Release|Any CPU = Release|Any CPU
	EndGlobalSection
	GlobalSection(ProjectConfigurationPlatforms) = postSolution
		{079F3E64-0F4B-9C8B-703D-4210B43B7DB0}.Debug|Any CPU.ActiveCfg = Debug|Any CPU
		{079F3E64-0F4B-9C8B-703D-4210B43B7DB0}.Debug|Any CPU.Build.0 = Debug|Any CPU
		{079F3E64-0F4B-9C8B-703D-4210B43B7DB0}.Release|Any CPU.ActiveCfg = Release|Any CPU
		{079F3E64-0F4B-9C8B-703D-4210B43B7DB0}.Release|Any CPU.Build.0 = Release|Any CPU
		{BB3731EE-C69B-1204-2E8E-228A5BBC7D2A}.Debug|Any CPU.ActiveCfg = Debug|Any CPU
		{BB3731EE-C69B-1204-2E8E-228A5BBC7D2A}.Debug|Any CPU.Build.0 = Debug|Any CPU
		{BB3731EE-C69B-1204-2E8E-228A5BBC7D2A}.Release|Any CPU.ActiveCfg = Release|Any CPU
		{BB3731EE-C69B-1204-2E8E-228A5BBC7D2A}.Release|Any CPU.Build.0 = Release|Any CPU
		{A3888E2F-B021-F3FC-BF11-8C28FED9C3AC}.Debug|Any CPU.ActiveCfg = Debug|Any CPU
		{A3888E2F-B021-F3FC-BF11-8C28FED9C3AC}.Debug|Any CPU.Build.0 = Debug|Any CPU
		{A3888E2F-B021-F3FC-BF11-8C28FED9C3AC}.Release|Any CPU.ActiveCfg = Release|Any CPU
		{A3888E2F-B021-F3FC-BF11-8C28FED9C3AC}.Release|Any CPU.Build.0 = Release|Any CPU
		{7007A96D-B960-413B-B834-1075867AA985}.Debug|Any CPU.ActiveCfg = Debug|Any CPU
		{7007A96D-B960-413B-B834-1075867AA985}.Debug|Any CPU.Build.0 = Debug|Any CPU
		{7007A96D-B960-413B-B834-1075867AA985}.Release|Any CPU.ActiveCfg = Release|Any CPU
		{7007A96D-B960-413B-B834-1075867AA985}.Release|Any CPU.Build.0 = Release|Any CPU
		{C2A56808-ED9F-4811-ABCD-87FC6A8900E5}.Debug|Any CPU.ActiveCfg = Debug|Any CPU
		{C2A56808-ED9F-4811-ABCD-87FC6A8900E5}.Debug|Any CPU.Build.0 = Debug|Any CPU
		{C2A56808-ED9F-4811-ABCD-87FC6A8900E5}.Release|Any CPU.ActiveCfg = Release|Any CPU
		{C2A56808-ED9F-4811-ABCD-87FC6A8900E5}.Release|Any CPU.Build.0 = Release|Any CPU
		{95FE1C4D-EE44-96EC-A0A1-BED8FAD54D1D}.Debug|Any CPU.ActiveCfg = Debug|Any CPU
		{95FE1C4D-EE44-96EC-A0A1-BED8FAD54D1D}.Debug|Any CPU.Build.0 = Debug|Any CPU
		{95FE1C4D-EE44-96EC-A0A1-BED8FAD54D1D}.Release|Any CPU.ActiveCfg = Release|Any CPU
		{95FE1C4D-EE44-96EC-A0A1-BED8FAD54D1D}.Release|Any CPU.Build.0 = Release|Any CPU
		{962A9E01-4B43-4FF6-A1BA-D67AFFC8E787}.Debug|Any CPU.ActiveCfg = Debug|Any CPU
		{962A9E01-4B43-4FF6-A1BA-D67AFFC8E787}.Debug|Any CPU.Build.0 = Debug|Any CPU
		{962A9E01-4B43-4FF6-A1BA-D67AFFC8E787}.Release|Any CPU.ActiveCfg = Release|Any CPU
		{962A9E01-4B43-4FF6-A1BA-D67AFFC8E787}.Release|Any CPU.Build.0 = Release|Any CPU
		{F97160CC-23FD-4585-BFBF-ED52F0E308ED}.Debug|Any CPU.ActiveCfg = Debug|Any CPU
		{F97160CC-23FD-4585-BFBF-ED52F0E308ED}.Debug|Any CPU.Build.0 = Debug|Any CPU
		{F97160CC-23FD-4585-BFBF-ED52F0E308ED}.Release|Any CPU.ActiveCfg = Release|Any CPU
		{F97160CC-23FD-4585-BFBF-ED52F0E308ED}.Release|Any CPU.Build.0 = Release|Any CPU
		{31AC662F-B687-47AD-9686-255D1E2913C3}.Debug|Any CPU.ActiveCfg = Debug|Any CPU
		{31AC662F-B687-47AD-9686-255D1E2913C3}.Debug|Any CPU.Build.0 = Debug|Any CPU
		{31AC662F-B687-47AD-9686-255D1E2913C3}.Release|Any CPU.ActiveCfg = Release|Any CPU
		{31AC662F-B687-47AD-9686-255D1E2913C3}.Release|Any CPU.Build.0 = Release|Any CPU
		{C676A7A5-DCAE-6ACB-61BC-E7A70263EFA7}.Debug|Any CPU.ActiveCfg = Debug|Any CPU
		{C676A7A5-DCAE-6ACB-61BC-E7A70263EFA7}.Debug|Any CPU.Build.0 = Debug|Any CPU
		{C676A7A5-DCAE-6ACB-61BC-E7A70263EFA7}.Release|Any CPU.ActiveCfg = Release|Any CPU
		{C676A7A5-DCAE-6ACB-61BC-E7A70263EFA7}.Release|Any CPU.Build.0 = Release|Any CPU
		{76CFA3BC-C74E-FFC2-FF8C-440F01A2BB0C}.Debug|Any CPU.ActiveCfg = Debug|Any CPU
		{76CFA3BC-C74E-FFC2-FF8C-440F01A2BB0C}.Debug|Any CPU.Build.0 = Debug|Any CPU
		{76CFA3BC-C74E-FFC2-FF8C-440F01A2BB0C}.Release|Any CPU.ActiveCfg = Release|Any CPU
		{76CFA3BC-C74E-FFC2-FF8C-440F01A2BB0C}.Release|Any CPU.Build.0 = Release|Any CPU
		{33635331-4A43-CD10-B009-EBAF0332FD2D}.Debug|Any CPU.ActiveCfg = Debug|Any CPU
		{33635331-4A43-CD10-B009-EBAF0332FD2D}.Debug|Any CPU.Build.0 = Debug|Any CPU
		{33635331-4A43-CD10-B009-EBAF0332FD2D}.Release|Any CPU.ActiveCfg = Release|Any CPU
		{33635331-4A43-CD10-B009-EBAF0332FD2D}.Release|Any CPU.Build.0 = Release|Any CPU
		{2824CC2D-3F7F-A035-3CA0-3343E5BD5971}.Debug|Any CPU.ActiveCfg = Debug|Any CPU
		{2824CC2D-3F7F-A035-3CA0-3343E5BD5971}.Debug|Any CPU.Build.0 = Debug|Any CPU
		{2824CC2D-3F7F-A035-3CA0-3343E5BD5971}.Release|Any CPU.ActiveCfg = Release|Any CPU
		{2824CC2D-3F7F-A035-3CA0-3343E5BD5971}.Release|Any CPU.Build.0 = Release|Any CPU
		{B1D7A7A5-DCAE-6ACB-61BC-E7A70263EFA8}.Debug|Any CPU.ActiveCfg = Debug|Any CPU
		{B1D7A7A5-DCAE-6ACB-61BC-E7A70263EFA8}.Debug|Any CPU.Build.0 = Debug|Any CPU
		{B1D7A7A5-DCAE-6ACB-61BC-E7A70263EFA8}.Release|Any CPU.ActiveCfg = Release|Any CPU
		{B1D7A7A5-DCAE-6ACB-61BC-E7A70263EFA8}.Release|Any CPU.Build.0 = Release|Any CPU
		{86CFA3BC-C74E-FFC2-FF8C-440F01A2BB0D}.Debug|Any CPU.ActiveCfg = Debug|Any CPU
		{86CFA3BC-C74E-FFC2-FF8C-440F01A2BB0D}.Debug|Any CPU.Build.0 = Debug|Any CPU
		{86CFA3BC-C74E-FFC2-FF8C-440F01A2BB0D}.Release|Any CPU.ActiveCfg = Release|Any CPU
		{86CFA3BC-C74E-FFC2-FF8C-440F01A2BB0D}.Release|Any CPU.Build.0 = Release|Any CPU
		{43635331-4A43-CD10-B009-EBAF0332FD2E}.Debug|Any CPU.ActiveCfg = Debug|Any CPU
		{43635331-4A43-CD10-B009-EBAF0332FD2E}.Debug|Any CPU.Build.0 = Debug|Any CPU
		{43635331-4A43-CD10-B009-EBAF0332FD2E}.Release|Any CPU.ActiveCfg = Release|Any CPU
		{43635331-4A43-CD10-B009-EBAF0332FD2E}.Release|Any CPU.Build.0 = Release|Any CPU
		{3824CC2D-3F7F-A035-3CA0-3343E5BD5972}.Debug|Any CPU.ActiveCfg = Debug|Any CPU
		{3824CC2D-3F7F-A035-3CA0-3343E5BD5972}.Debug|Any CPU.Build.0 = Debug|Any CPU
		{3824CC2D-3F7F-A035-3CA0-3343E5BD5972}.Release|Any CPU.ActiveCfg = Release|Any CPU
		{3824CC2D-3F7F-A035-3CA0-3343E5BD5972}.Release|Any CPU.Build.0 = Release|Any CPU
		{C2D7A7A5-DCAE-6ACB-61BC-E7A70263EFA9}.Debug|Any CPU.ActiveCfg = Debug|Any CPU
		{C2D7A7A5-DCAE-6ACB-61BC-E7A70263EFA9}.Debug|Any CPU.Build.0 = Debug|Any CPU
		{C2D7A7A5-DCAE-6ACB-61BC-E7A70263EFA9}.Release|Any CPU.ActiveCfg = Release|Any CPU
		{C2D7A7A5-DCAE-6ACB-61BC-E7A70263EFA9}.Release|Any CPU.Build.0 = Release|Any CPU
		{96CFA3BC-C74E-FFC2-FF8C-440F01A2BB0E}.Debug|Any CPU.ActiveCfg = Debug|Any CPU
		{96CFA3BC-C74E-FFC2-FF8C-440F01A2BB0E}.Debug|Any CPU.Build.0 = Debug|Any CPU
		{96CFA3BC-C74E-FFC2-FF8C-440F01A2BB0E}.Release|Any CPU.ActiveCfg = Release|Any CPU
		{96CFA3BC-C74E-FFC2-FF8C-440F01A2BB0E}.Release|Any CPU.Build.0 = Release|Any CPU
		{53635331-4A43-CD10-B009-EBAF0332FD2F}.Debug|Any CPU.ActiveCfg = Debug|Any CPU
		{53635331-4A43-CD10-B009-EBAF0332FD2F}.Debug|Any CPU.Build.0 = Debug|Any CPU
		{53635331-4A43-CD10-B009-EBAF0332FD2F}.Release|Any CPU.ActiveCfg = Release|Any CPU
		{53635331-4A43-CD10-B009-EBAF0332FD2F}.Release|Any CPU.Build.0 = Release|Any CPU
		{4824CC2D-3F7F-A035-3CA0-3343E5BD5973}.Debug|Any CPU.ActiveCfg = Debug|Any CPU
		{4824CC2D-3F7F-A035-3CA0-3343E5BD5973}.Debug|Any CPU.Build.0 = Debug|Any CPU
		{4824CC2D-3F7F-A035-3CA0-3343E5BD5973}.Release|Any CPU.ActiveCfg = Release|Any CPU
		{4824CC2D-3F7F-A035-3CA0-3343E5BD5973}.Release|Any CPU.Build.0 = Release|Any CPU
		{D2D7A7A5-DCAE-6ACB-61BC-E7A70263EFAA}.Debug|Any CPU.ActiveCfg = Debug|Any CPU
		{D2D7A7A5-DCAE-6ACB-61BC-E7A70263EFAA}.Debug|Any CPU.Build.0 = Debug|Any CPU
		{D2D7A7A5-DCAE-6ACB-61BC-E7A70263EFAA}.Release|Any CPU.ActiveCfg = Release|Any CPU
		{D2D7A7A5-DCAE-6ACB-61BC-E7A70263EFAA}.Release|Any CPU.Build.0 = Release|Any CPU
		{A6CFA3BC-C74E-FFC2-FF8C-440F01A2BB0F}.Debug|Any CPU.ActiveCfg = Debug|Any CPU
		{A6CFA3BC-C74E-FFC2-FF8C-440F01A2BB0F}.Debug|Any CPU.Build.0 = Debug|Any CPU
		{A6CFA3BC-C74E-FFC2-FF8C-440F01A2BB0F}.Release|Any CPU.ActiveCfg = Release|Any CPU
		{A6CFA3BC-C74E-FFC2-FF8C-440F01A2BB0F}.Release|Any CPU.Build.0 = Release|Any CPU
		{63635331-4A43-CD10-B009-EBAF0332FD30}.Debug|Any CPU.ActiveCfg = Debug|Any CPU
		{63635331-4A43-CD10-B009-EBAF0332FD30}.Debug|Any CPU.Build.0 = Debug|Any CPU
		{63635331-4A43-CD10-B009-EBAF0332FD30}.Release|Any CPU.ActiveCfg = Release|Any CPU
		{63635331-4A43-CD10-B009-EBAF0332FD30}.Release|Any CPU.Build.0 = Release|Any CPU
		{5824CC2D-3F7F-A035-3CA0-3343E5BD5974}.Debug|Any CPU.ActiveCfg = Debug|Any CPU
		{5824CC2D-3F7F-A035-3CA0-3343E5BD5974}.Debug|Any CPU.Build.0 = Debug|Any CPU
		{5824CC2D-3F7F-A035-3CA0-3343E5BD5974}.Release|Any CPU.ActiveCfg = Release|Any CPU
		{5824CC2D-3F7F-A035-3CA0-3343E5BD5974}.Release|Any CPU.Build.0 = Release|Any CPU
		{E2D7A7A5-DCAE-6ACB-61BC-E7A70263EFAB}.Debug|Any CPU.ActiveCfg = Debug|Any CPU
		{E2D7A7A5-DCAE-6ACB-61BC-E7A70263EFAB}.Debug|Any CPU.Build.0 = Debug|Any CPU
		{E2D7A7A5-DCAE-6ACB-61BC-E7A70263EFAB}.Release|Any CPU.ActiveCfg = Release|Any CPU
		{E2D7A7A5-DCAE-6ACB-61BC-E7A70263EFAB}.Release|Any CPU.Build.0 = Release|Any CPU
		{B6CFA3BC-C74E-FFC2-FF8C-440F01A2BB10}.Debug|Any CPU.ActiveCfg = Debug|Any CPU
		{B6CFA3BC-C74E-FFC2-FF8C-440F01A2BB10}.Debug|Any CPU.Build.0 = Debug|Any CPU
		{B6CFA3BC-C74E-FFC2-FF8C-440F01A2BB10}.Release|Any CPU.ActiveCfg = Release|Any CPU
		{B6CFA3BC-C74E-FFC2-FF8C-440F01A2BB10}.Release|Any CPU.Build.0 = Release|Any CPU
		{73635331-4A43-CD10-B009-EBAF0332FD31}.Debug|Any CPU.ActiveCfg = Debug|Any CPU
		{73635331-4A43-CD10-B009-EBAF0332FD31}.Debug|Any CPU.Build.0 = Debug|Any CPU
		{73635331-4A43-CD10-B009-EBAF0332FD31}.Release|Any CPU.ActiveCfg = Release|Any CPU
		{73635331-4A43-CD10-B009-EBAF0332FD31}.Release|Any CPU.Build.0 = Release|Any CPU
		{6824CC2D-3F7F-A035-3CA0-3343E5BD5975}.Debug|Any CPU.ActiveCfg = Debug|Any CPU
		{6824CC2D-3F7F-A035-3CA0-3343E5BD5975}.Debug|Any CPU.Build.0 = Debug|Any CPU
		{6824CC2D-3F7F-A035-3CA0-3343E5BD5975}.Release|Any CPU.ActiveCfg = Release|Any CPU
		{6824CC2D-3F7F-A035-3CA0-3343E5BD5975}.Release|Any CPU.Build.0 = Release|Any CPU
		{7854CC2D-3F7F-A035-3CA0-3343E5BD5976}.Debug|Any CPU.ActiveCfg = Debug|Any CPU
		{7854CC2D-3F7F-A035-3CA0-3343E5BD5976}.Debug|Any CPU.Build.0 = Debug|Any CPU
		{7854CC2D-3F7F-A035-3CA0-3343E5BD5976}.Release|Any CPU.ActiveCfg = Release|Any CPU
		{7854CC2D-3F7F-A035-3CA0-3343E5BD5976}.Release|Any CPU.Build.0 = Release|Any CPU
	EndGlobalSection
	GlobalSection(SolutionProperties) = preSolution
		HideSolutionNode = FALSE
	EndGlobalSection
	GlobalSection(NestedProjects) = preSolution
		{ACA66B5B-1289-4DF4-80B7-FBABF59A4145} = {2CFAF30D-DEE7-48F5-ADBD-64962E114252}
		{079F3E64-0F4B-9C8B-703D-4210B43B7DB0} = {02EA681E-C7D8-13C7-8484-4AC65E1B71E8}
		{BB3731EE-C69B-1204-2E8E-228A5BBC7D2A} = {ACA66B5B-1289-4DF4-80B7-FBABF59A4145}
		{B7BB4AFA-9F0A-44E9-BC47-9D35A5D87028} = {2CFAF30D-DEE7-48F5-ADBD-64962E114252}
		{A3888E2F-B021-F3FC-BF11-8C28FED9C3AC} = {B7BB4AFA-9F0A-44E9-BC47-9D35A5D87028}
		{7007A96D-B960-413B-B834-1075867AA985} = {B7BB4AFA-9F0A-44E9-BC47-9D35A5D87028}
		{C2A56808-ED9F-4811-ABCD-87FC6A8900E5} = {B7BB4AFA-9F0A-44E9-BC47-9D35A5D87028}
		{0F9CBA9A-4618-497E-B88D-A8CACCC69D5E} = {2CFAF30D-DEE7-48F5-ADBD-64962E114252}
		{95FE1C4D-EE44-96EC-A0A1-BED8FAD54D1D} = {0F9CBA9A-4618-497E-B88D-A8CACCC69D5E}
		{962A9E01-4B43-4FF6-A1BA-D67AFFC8E787} = {0F9CBA9A-4618-497E-B88D-A8CACCC69D5E}
		{F97160CC-23FD-4585-BFBF-ED52F0E308ED} = {0F9CBA9A-4618-497E-B88D-A8CACCC69D5E}
		{31AC662F-B687-47AD-9686-255D1E2913C3} = {0F9CBA9A-4618-497E-B88D-A8CACCC69D5E}
		{15F3578F-C146-4A62-9578-0BD895C091D7} = {C914BE91-44F7-41A9-97FA-E484C90B8A16}
		{E62609BE-0D88-4D75-8226-7FC48CC8CB7E} = {C914BE91-44F7-41A9-97FA-E484C90B8A16}
		{A58B6DAE-8019-4B4D-910C-2394F6CD46A0} = {C914BE91-44F7-41A9-97FA-E484C90B8A16}
		{CCC96F36-3FD9-48A3-809C-D08240F4DEAA} = {C914BE91-44F7-41A9-97FA-E484C90B8A16}
		{D6688736-BDC7-4A7E-B213-7A22B461015A} = {C914BE91-44F7-41A9-97FA-E484C90B8A16}
		{1869C805-3DE7-40F1-8FE2-E17F182C0C84} = {C914BE91-44F7-41A9-97FA-E484C90B8A16}
		{C676A7A5-DCAE-6ACB-61BC-E7A70263EFA7} = {15F3578F-C146-4A62-9578-0BD895C091D7}
		{76CFA3BC-C74E-FFC2-FF8C-440F01A2BB0C} = {15F3578F-C146-4A62-9578-0BD895C091D7}
		{33635331-4A43-CD10-B009-EBAF0332FD2D} = {15F3578F-C146-4A62-9578-0BD895C091D7}
		{2824CC2D-3F7F-A035-3CA0-3343E5BD5971} = {15F3578F-C146-4A62-9578-0BD895C091D7}
		{B1D7A7A5-DCAE-6ACB-61BC-E7A70263EFA8} = {A58B6DAE-8019-4B4D-910C-2394F6CD46A0}
		{86CFA3BC-C74E-FFC2-FF8C-440F01A2BB0D} = {A58B6DAE-8019-4B4D-910C-2394F6CD46A0}
		{43635331-4A43-CD10-B009-EBAF0332FD2E} = {A58B6DAE-8019-4B4D-910C-2394F6CD46A0}
		{3824CC2D-3F7F-A035-3CA0-3343E5BD5972} = {A58B6DAE-8019-4B4D-910C-2394F6CD46A0}
		{C2D7A7A5-DCAE-6ACB-61BC-E7A70263EFA9} = {E62609BE-0D88-4D75-8226-7FC48CC8CB7E}
		{96CFA3BC-C74E-FFC2-FF8C-440F01A2BB0E} = {E62609BE-0D88-4D75-8226-7FC48CC8CB7E}
		{53635331-4A43-CD10-B009-EBAF0332FD2F} = {E62609BE-0D88-4D75-8226-7FC48CC8CB7E}
		{4824CC2D-3F7F-A035-3CA0-3343E5BD5973} = {E62609BE-0D88-4D75-8226-7FC48CC8CB7E}
		{D2D7A7A5-DCAE-6ACB-61BC-E7A70263EFAA} = {CCC96F36-3FD9-48A3-809C-D08240F4DEAA}
		{A6CFA3BC-C74E-FFC2-FF8C-440F01A2BB0F} = {CCC96F36-3FD9-48A3-809C-D08240F4DEAA}
		{63635331-4A43-CD10-B009-EBAF0332FD30} = {CCC96F36-3FD9-48A3-809C-D08240F4DEAA}
		{5824CC2D-3F7F-A035-3CA0-3343E5BD5974} = {CCC96F36-3FD9-48A3-809C-D08240F4DEAA}
		{E2D7A7A5-DCAE-6ACB-61BC-E7A70263EFAB} = {D6688736-BDC7-4A7E-B213-7A22B461015A}
		{B6CFA3BC-C74E-FFC2-FF8C-440F01A2BB10} = {D6688736-BDC7-4A7E-B213-7A22B461015A}
		{73635331-4A43-CD10-B009-EBAF0332FD31} = {D6688736-BDC7-4A7E-B213-7A22B461015A}
		{6824CC2D-3F7F-A035-3CA0-3343E5BD5975} = {D6688736-BDC7-4A7E-B213-7A22B461015A}
		{7854CC2D-3F7F-A035-3CA0-3343E5BD5976} = {1869C805-3DE7-40F1-8FE2-E17F182C0C84}
	EndGlobalSection
	GlobalSection(ExtensibilityGlobals) = postSolution
		SolutionGuid = {537502B8-0405-4A94-B423-9664678916F8}
	EndGlobalSection
EndGlobal
